# Ubuntu 22.04 (jammy, amd64) archives used by build_video_runtime.sh.
# package<TAB>version<TAB>sha256
libgstreamer1.0-0	1.20.3-0ubuntu1.1	472d2575f9e6b894361023995b0dcd1ae28fe3d4005ded81231d4efc7833446d
libgstreamer-plugins-base1.0-0	1.20.1-1ubuntu0.6	3091538ed8b193c0dbb757c5a11b503d9ba97e7c77bf938915a2618f73617256
libgstreamer-plugins-bad1.0-0	1.20.3-0ubuntu1.1	2b463d51548419517e5356f3893faea386e4f40fb91af2eb0ae86e444d36b5dd
libgstreamer-gl1.0-0	1.20.1-1ubuntu0.6	63c7f392ac2e10c61b448091f4e3c495415b19e8db2bfe61e28152a9652167ba
gstreamer1.0-tools	1.20.3-0ubuntu1.1	2e573642545b5022f692aca963d44067d42af158fdc82a27dc3b400d0a2c8eb2
gstreamer1.0-plugins-base	1.20.1-1ubuntu0.6	7f7a175fdeaf2a74d6d399c3cf94c37997ad1fcdfaf807f959e46c603505bea1
gstreamer1.0-plugins-bad	1.20.3-0ubuntu1.1	3e8e4b24f7ee296d273625e04215d1f8b78f177f2a682a544f26055bc70849aa
gstreamer1.0-plugins-good	1.20.3-0ubuntu1.7	fc6e2a6bedaeb3a355c2b1ef2cccd1d467ad4247849cad4ca4acc9535161755d
gstreamer1.0-vaapi	1.20.1-1ubuntu1	0afca6e0cd34fb3d543de2aa4afdfffcea22ad53f53e9a9d68a7de6c82066676
gstreamer1.0-rtsp	1.20.1-1	35e3348f995224d3a1452331b6c6404d5b7a1844620a8f65069ae5374f997aac
libgstrtspserver-1.0-0	1.20.1-1	3952b2b018288f7e8aaff7fcf9c7c29d9f0d7424762813e4500a1602db7271a6
libva2	2.14.0-1	30da2b3d7c066137116cb0c69c68d2709e6352bea0706ae54fadb89af24463fb
libva-drm2	2.14.0-1	c409075cc49011919d364cd20a729d02a212fb86fbd617146b47e2243e5ec318
intel-media-va-driver	22.3.1+dfsg1-1ubuntu2	abc67f83a98a0be7bb40cc4c2f77a204d96716918cda0b6a086cca63a4a51dbd
libigdgmm12	22.1.2+ds1-1	5504feee29c9fe7fb1b6d8b1362b72007adaa102136c56583f7cd8f26de29981
